// !$*UTF8*$!
{
	archiveVersion = 1;
	classes = {
	};
	objectVersion = 46;
	objects = {
/* Begin PBXBuildFile section */
		858B842D18CA22B800AB12DE /* InfoPlist.strings in Resources */ = {isa = PBXBuildFile; fileRef = 858B833A18CA111C00AB12DE /* InfoPlist.strings */; };
		CD45EE7C18DC2D5800FB50C0 /* app in Resources */ = {isa = PBXBuildFile; fileRef = CD45EE7A18DC2D5800FB50C0 /* app */; };
		CD62955D1BB2678900AE3A93 /* main.m in Sources */ = {isa = PBXBuildFile; fileRef = CD62955C1BB2678900AE3A93 /* main.m */; };
		491AF7FD8BB040C490456733 /* Default-568h@2x.png in Resources */ = {isa = PBXBuildFile; fileRef = 982005B97F8D4A4581425C14 /* Default-568h@2x.png */; };
		4897E5A27E274D779EE2C993 /* Default-Landscape.png in Resources */ = {isa = PBXBuildFile; fileRef = D2D5FA79D0804F68A0F61E88 /* Default-Landscape.png */; };
		75910CBCDB1D4C64986A1D54 /* Default-Landscape@2x.png in Resources */ = {isa = PBXBuildFile; fileRef = D11B14F241A74FE393FB4864 /* Default-Landscape@2x.png */; };
		AA6A975805864D0BA5C4C39B /* Default-Portrait.png in Resources */ = {isa = PBXBuildFile; fileRef = 8C32B46BB372499C8C2D109C /* Default-Portrait.png */; };
		21015A8622FB4EDE948A7CD8 /* Default-Portrait@2x.png in Resources */ = {isa = PBXBuildFile; fileRef = 982B5619334C4DBBAC56B0BA /* Default-Portrait@2x.png */; };
		FCD25BDC5C284E18882A287B /* Default.png in Resources */ = {isa = PBXBuildFile; fileRef = A8AE53A49211435684BFD40F /* Default.png */; };
		919E2463321046D0B7B756B0 /* Default@2x.png in Resources */ = {isa = PBXBuildFile; fileRef = D813178A8882492591CB7367 /* Default@2x.png */; };
		50AC892E561D4916921D3772 /* Icon-Small-50.png in Resources */ = {isa = PBXBuildFile; fileRef = 87043D19CC0047EF97CA93D0 /* Icon-Small-50.png */; };
		0AA4040CF9E24D0E8BADA16B /* Icon-Small-50@2x.png in Resources */ = {isa = PBXBuildFile; fileRef = 4084C596350044A69FEF19E7 /* Icon-Small-50@2x.png */; };
		12F9760EB37C4CC5878D650C /* Icon-Small.png in Resources */ = {isa = PBXBuildFile; fileRef = 4263335085704A63A5CE9CE1 /* Icon-Small.png */; };
		F6215ED2453A422399CB4098 /* Icon-Small@2x.png in Resources */ = {isa = PBXBuildFile; fileRef = D728CA6A0E6F4ABDB0E1E2F4 /* Icon-Small@2x.png */; };
		D08346CFDA0D48FBB8FCB583 /* icon-40.png in Resources */ = {isa = PBXBuildFile; fileRef = CCCDDBE5F7184D04882CCC01 /* icon-40.png */; };
		81C5D64854F34F9992EF4395 /* icon-40@2x.png in Resources */ = {isa = PBXBuildFile; fileRef = 0D94E77243354375AC090BDE /* icon-40@2x.png */; };
		09D9A7A7869245169BB09388 /* icon-60.png in Resources */ = {isa = PBXBuildFile; fileRef = CB9D46A7AF2443178B10F396 /* icon-60.png */; };
		1D5A14831A294F2A857E9673 /* icon-60@2x.png in Resources */ = {isa = PBXBuildFile; fileRef = 34FB882CE21C43628EE0D640 /* icon-60@2x.png */; };
		55FCB206B15940899505723D /* icon-72.png in Resources */ = {isa = PBXBuildFile; fileRef = C01CA00A4CC7439C997AEF3D /* icon-72.png */; };
		12DEEF72467C4A609862688A /* icon-72@2x.png in Resources */ = {isa = PBXBuildFile; fileRef = AD2E75AF812A418CB62120A4 /* icon-72@2x.png */; };
		AC3C97D3660A41129E1D9922 /* icon-76.png in Resources */ = {isa = PBXBuildFile; fileRef = 6599425C3D6144C5ACEB5783 /* icon-76.png */; };
		8571C551E0824015BE30749B /* icon-76@2x.png in Resources */ = {isa = PBXBuildFile; fileRef = 4241DB13B0E9483983D9320E /* icon-76@2x.png */; };
		67909D1FA5DC41E791DA6960 /* icon.png in Resources */ = {isa = PBXBuildFile; fileRef = B80490A9180D44248CE1EECC /* icon.png */; };
		D1E573A05A944D44864C2AB9 /* icon@2x.png in Resources */ = {isa = PBXBuildFile; fileRef = 2FCD78C140844D0E81E0BCBA /* icon@2x.png */; };
/* End PBXBuildFile section */

/* Begin PBXCopyFilesBuildPhase section */
		85F5BDFC1A9363BE006B9701 /* Embed Frameworks */ = {
			isa = PBXCopyFilesBuildPhase;
			buildActionMask = 2147483647;
			dstPath = "";
			dstSubfolderSpec = 10;
			files = (
			);
			name = "Embed Frameworks";
			runOnlyForDeploymentPostprocessing = 0;
		};
/* End PBXCopyFilesBuildPhase section */

/* Begin PBXFileReference section */
		858B832E18CA111C00AB12DE /* CeleryNative.app */ = {isa = PBXFileReference; explicitFileType = wrapper.application; includeInIndex = 0; path = CeleryNative.app; sourceTree = BUILT_PRODUCTS_DIR; };
		858B833918CA111C00AB12DE /* CeleryNative-Info.plist */ = {isa = PBXFileReference; lastKnownFileType = text.plist.xml; path = "CeleryNative-Info.plist"; sourceTree = "<group>"; };
		858B833B18CA111C00AB12DE /* en */ = {isa = PBXFileReference; lastKnownFileType = text.plist.strings; name = en; path = en.lproj/InfoPlist.strings; sourceTree = "<group>"; };
		858B833F18CA111C00AB12DE /* CeleryNative-Prefix.pch */ = {isa = PBXFileReference; lastKnownFileType = sourcecode.c.h; path = "CeleryNative-Prefix.pch"; sourceTree = "<group>"; };
		858B843318CA22B800AB12DE /* CeleryNative.app */ = {isa = PBXFileReference; explicitFileType = wrapper.application; includeInIndex = 0; path = CeleryNative.app; sourceTree = BUILT_PRODUCTS_DIR; };
		CD45EE7A18DC2D5800FB50C0 /* app */ = {isa = PBXFileReference; lastKnownFileType = folder; path = app; sourceTree = "<group>"; };
		CD62955C1BB2678900AE3A93 /* main.m */ = {isa = PBXFileReference; fileEncoding = 4; lastKnownFileType = sourcecode.c.objc; name = main.m; path = internal/main.m; sourceTree = SOURCE_ROOT; };
		CDD59A261BB43B5D00EC2671 /* build-debug.xcconfig */ = {isa = PBXFileReference; fileEncoding = 4; lastKnownFileType = text.xcconfig; path = "build-debug.xcconfig"; sourceTree = "<group>"; };
		CDD59A271BB43B5D00EC2671 /* build-release.xcconfig */ = {isa = PBXFileReference; fileEncoding = 4; lastKnownFileType = text.xcconfig; path = "build-release.xcconfig"; sourceTree = "<group>"; };
		CDF4743E1BA4855C0087EA85 /* build.xcconfig */ = {isa = PBXFileReference; fileEncoding = 4; lastKnownFileType = text.xcconfig; path = build.xcconfig; sourceTree = "<group>"; };
		F9B8C6A31ACEDEEB00547416 /* en */ = {isa = PBXFileReference; lastKnownFileType = file.xib; name = en; path = en.lproj/LaunchScreen.xib; sourceTree = "<group>"; };
		982005B97F8D4A4581425C14 /* Default-568h@2x.png */ = {isa = PBXFileReference; lastKnownFileType = image.png; name = "Default-568h@2x.png"; path = "CeleryNative/Resources/Default-568h@2x.png"; sourceTree = "<group>"; };
		D2D5FA79D0804F68A0F61E88 /* Default-Landscape.png */ = {isa = PBXFileReference; lastKnownFileType = image.png; name = "Default-Landscape.png"; path = "CeleryNative/Resources/Default-Landscape.png"; sourceTree = "<group>"; };
		D11B14F241A74FE393FB4864 /* Default-Landscape@2x.png */ = {isa = PBXFileReference; lastKnownFileType = image.png; name = "Default-Landscape@2x.png"; path = "CeleryNative/Resources/Default-Landscape@2x.png"; sourceTree = "<group>"; };
		8C32B46BB372499C8C2D109C /* Default-Portrait.png */ = {isa = PBXFileReference; lastKnownFileType = image.png; name = "Default-Portrait.png"; path = "CeleryNative/Resources/Default-Portrait.png"; sourceTree = "<group>"; };
		982B5619334C4DBBAC56B0BA /* Default-Portrait@2x.png */ = {isa = PBXFileReference; lastKnownFileType = image.png; name = "Default-Portrait@2x.png"; path = "CeleryNative/Resources/Default-Portrait@2x.png"; sourceTree = "<group>"; };
		A8AE53A49211435684BFD40F /* Default.png */ = {isa = PBXFileReference; lastKnownFileType = image.png; name = Default.png; path = "CeleryNative/Resources/Default.png"; sourceTree = "<group>"; };
		D813178A8882492591CB7367 /* Default@2x.png */ = {isa = PBXFileReference; lastKnownFileType = image.png; name = "Default@2x.png"; path = "CeleryNative/Resources/Default@2x.png"; sourceTree = "<group>"; };
		87043D19CC0047EF97CA93D0 /* Icon-Small-50.png */ = {isa = PBXFileReference; lastKnownFileType = image.png; name = "Icon-Small-50.png"; path = "CeleryNative/Resources/Icon-Small-50.png"; sourceTree = "<group>"; };
		4084C596350044A69FEF19E7 /* Icon-Small-50@2x.png */ = {isa = PBXFileReference; lastKnownFileType = image.png; name = "Icon-Small-50@2x.png"; path = "CeleryNative/Resources/Icon-Small-50@2x.png"; sourceTree = "<group>"; };
		4263335085704A63A5CE9CE1 /* Icon-Small.png */ = {isa = PBXFileReference; lastKnownFileType = image.png; name = "Icon-Small.png"; path = "CeleryNative/Resources/Icon-Small.png"; sourceTree = "<group>"; };
		D728CA6A0E6F4ABDB0E1E2F4 /* Icon-Small@2x.png */ = {isa = PBXFileReference; lastKnownFileType = image.png; name = "Icon-Small@2x.png"; path = "CeleryNative/Resources/Icon-Small@2x.png"; sourceTree = "<group>"; };
		CCCDDBE5F7184D04882CCC01 /* icon-40.png */ = {isa = PBXFileReference; lastKnownFileType = image.png; name = "icon-40.png"; path = "CeleryNative/Resources/icon-40.png"; sourceTree = "<group>"; };
		0D94E77243354375AC090BDE /* icon-40@2x.png */ = {isa = PBXFileReference; lastKnownFileType = image.png; name = "icon-40@2x.png"; path = "CeleryNative/Resources/icon-40@2x.png"; sourceTree = "<group>"; };
		CB9D46A7AF2443178B10F396 /* icon-60.png */ = {isa = PBXFileReference; lastKnownFileType = image.png; name = "icon-60.png"; path = "CeleryNative/Resources/icon-60.png"; sourceTree = "<group>"; };
		34FB882CE21C43628EE0D640 /* icon-60@2x.png */ = {isa = PBXFileReference; lastKnownFileType = image.png; name = "icon-60@2x.png"; path = "CeleryNative/Resources/icon-60@2x.png"; sourceTree = "<group>"; };
		C01CA00A4CC7439C997AEF3D /* icon-72.png */ = {isa = PBXFileReference; lastKnownFileType = image.png; name = "icon-72.png"; path = "CeleryNative/Resources/icon-72.png"; sourceTree = "<group>"; };
		AD2E75AF812A418CB62120A4 /* icon-72@2x.png */ = {isa = PBXFileReference; lastKnownFileType = image.png; name = "icon-72@2x.png"; path = "CeleryNative/Resources/icon-72@2x.png"; sourceTree = "<group>"; };
		6599425C3D6144C5ACEB5783 /* icon-76.png */ = {isa = PBXFileReference; lastKnownFileType = image.png; name = "icon-76.png"; path = "CeleryNative/Resources/icon-76.png"; sourceTree = "<group>"; };
		4241DB13B0E9483983D9320E /* icon-76@2x.png */ = {isa = PBXFileReference; lastKnownFileType = image.png; name = "icon-76@2x.png"; path = "CeleryNative/Resources/icon-76@2x.png"; sourceTree = "<group>"; };
		B80490A9180D44248CE1EECC /* icon.png */ = {isa = PBXFileReference; lastKnownFileType = image.png; name = icon.png; path = "CeleryNative/Resources/icon.png"; sourceTree = "<group>"; };
		2FCD78C140844D0E81E0BCBA /* icon@2x.png */ = {isa = PBXFileReference; lastKnownFileType = image.png; name = "icon@2x.png"; path = "CeleryNative/Resources/icon@2x.png"; sourceTree = "<group>"; };
/* End PBXFileReference section */

/* Begin PBXFrameworksBuildPhase section */
		858B83F418CA22B800AB12DE /* Frameworks */ = {
			isa = PBXFrameworksBuildPhase;
			buildActionMask = 2147483647;
			files = (
			);
			runOnlyForDeploymentPostprocessing = 0;
		};
/* End PBXFrameworksBuildPhase section */

/* Begin PBXGroup section */
		858B832518CA111C00AB12DE = {
			isa = PBXGroup;
			children = (
				E070579D1B39A9D000214BF1 /* Resources */,
				858B833718CA111C00AB12DE /* CeleryNative */,
				858B833018CA111C00AB12DE /* Frameworks */,
				858B832F18CA111C00AB12DE /* Products */,
			);
			sourceTree = "<group>";
		};
		858B832F18CA111C00AB12DE /* Products */ = {
			isa = PBXGroup;
			children = (
				858B832E18CA111C00AB12DE /* CeleryNative.app */,
				858B843318CA22B800AB12DE /* CeleryNative.app */,
			);
			name = Products;
			sourceTree = "<group>";
		};
		858B833018CA111C00AB12DE /* Frameworks */ = {
			isa = PBXGroup;
			children = (
			);
			name = Frameworks;
			sourceTree = "<group>";
		};
		858B833718CA111C00AB12DE /* CeleryNative */ = {
			isa = PBXGroup;
			children = (
				CD45EE7A18DC2D5800FB50C0 /* app */,
				F9B8C6A21ACEDEEB00547416 /* LaunchScreen.xib */,
				858B833818CA111C00AB12DE /* Supporting Files */,
			);
			path = CeleryNative;
			sourceTree = "<group>";
		};
		858B833818CA111C00AB12DE /* Supporting Files */ = {
			isa = PBXGroup;
			children = (
				CDF4743E1BA4855C0087EA85 /* build.xcconfig */,
				CDD59A261BB43B5D00EC2671 /* build-debug.xcconfig */,
				CDD59A271BB43B5D00EC2671 /* build-release.xcconfig */,
				858B833918CA111C00AB12DE /* CeleryNative-Info.plist */,
				858B833A18CA111C00AB12DE /* InfoPlist.strings */,
				CD62955C1BB2678900AE3A93 /* main.m */,
				858B833F18CA111C00AB12DE /* CeleryNative-Prefix.pch */,
			);
			name = "Supporting Files";
			sourceTree = "<group>";
		};
		E070579D1B39A9D000214BF1 /* Resources */ = {
			isa = PBXGroup;
			children = (
				982005B97F8D4A4581425C14 /* Default-568h@2x.png */,
				D2D5FA79D0804F68A0F61E88 /* Default-Landscape.png */,
				D11B14F241A74FE393FB4864 /* Default-Landscape@2x.png */,
				8C32B46BB372499C8C2D109C /* Default-Portrait.png */,
				982B5619334C4DBBAC56B0BA /* Default-Portrait@2x.png */,
				A8AE53A49211435684BFD40F /* Default.png */,
				D813178A8882492591CB7367 /* Default@2x.png */,
				87043D19CC0047EF97CA93D0 /* Icon-Small-50.png */,
				4084C596350044A69FEF19E7 /* Icon-Small-50@2x.png */,
				4263335085704A63A5CE9CE1 /* Icon-Small.png */,
				D728CA6A0E6F4ABDB0E1E2F4 /* Icon-Small@2x.png */,
				CCCDDBE5F7184D04882CCC01 /* icon-40.png */,
				0D94E77243354375AC090BDE /* icon-40@2x.png */,
				CB9D46A7AF2443178B10F396 /* icon-60.png */,
				34FB882CE21C43628EE0D640 /* icon-60@2x.png */,
				C01CA00A4CC7439C997AEF3D /* icon-72.png */,
				AD2E75AF812A418CB62120A4 /* icon-72@2x.png */,
				6599425C3D6144C5ACEB5783 /* icon-76.png */,
				4241DB13B0E9483983D9320E /* icon-76@2x.png */,
				B80490A9180D44248CE1EECC /* icon.png */,
				2FCD78C140844D0E81E0BCBA /* icon@2x.png */,
			);
			name = Resources;
			sourceTree = "<group>";
		};
/* End PBXGroup section */

/* Begin PBXNativeTarget section */
		858B83EF18CA22B800AB12DE /* CeleryNative */ = {
			isa = PBXNativeTarget;
			buildConfigurationList = 858B843018CA22B800AB12DE /* Build configuration list for PBXNativeTarget "CeleryNative" */;
			buildPhases = (
				C97FD7AC1ADE5369004DB2A4 /* NativeScript PreBuild */,
				858B83F218CA22B800AB12DE /* Sources */,
				CD62955B1BB2651D00AE3A93 /* NativeScript PreLink */,
				858B83F418CA22B800AB12DE /* Frameworks */,
				858B842C18CA22B800AB12DE /* Resources */,
				85F5BDFC1A9363BE006B9701 /* Embed Frameworks */,
				CD3EAD351B05FF060042DBFC /* NativeScript PostBuild */,
			);
			buildRules = (
			);
			dependencies = (
			);
			name = CeleryNative;
			productName = JDBridgeApp;
			productReference = 858B843318CA22B800AB12DE /* CeleryNative.app */;
			productType = "com.apple.product-type.application";
		};
/* End PBXNativeTarget section */

/* Begin PBXProject section */
		858B832618CA111C00AB12DE /* Project object */ = {
			isa = PBXProject;
			attributes = {
				CLASSPREFIX = TNS;
				LastUpgradeCheck = 500;
				ORGANIZATIONNAME = Telerik;
			};
			buildConfigurationList = 858B832918CA111C00AB12DE /* Build configuration list for PBXProject "CeleryNative" */;
			compatibilityVersion = "Xcode 3.2";
			developmentRegion = English;
			hasScannedForEncodings = 0;
			knownRegions = (
				en,
			);
			mainGroup = 858B832518CA111C00AB12DE;
			productRefGroup = 858B832F18CA111C00AB12DE /* Products */;
			projectDirPath = "";
			projectRoot = "";
			targets = (
				858B83EF18CA22B800AB12DE /* CeleryNative */,
			);
		};
/* End PBXProject section */

/* Begin PBXResourcesBuildPhase section */
		858B842C18CA22B800AB12DE /* Resources */ = {
			isa = PBXResourcesBuildPhase;
			buildActionMask = 2147483647;
			files = (
				CD45EE7C18DC2D5800FB50C0 /* app in Resources */,
				858B842D18CA22B800AB12DE /* InfoPlist.strings in Resources */,
				491AF7FD8BB040C490456733 /* Default-568h@2x.png in Resources */,
				4897E5A27E274D779EE2C993 /* Default-Landscape.png in Resources */,
				75910CBCDB1D4C64986A1D54 /* Default-Landscape@2x.png in Resources */,
				AA6A975805864D0BA5C4C39B /* Default-Portrait.png in Resources */,
				21015A8622FB4EDE948A7CD8 /* Default-Portrait@2x.png in Resources */,
				FCD25BDC5C284E18882A287B /* Default.png in Resources */,
				919E2463321046D0B7B756B0 /* Default@2x.png in Resources */,
				50AC892E561D4916921D3772 /* Icon-Small-50.png in Resources */,
				0AA4040CF9E24D0E8BADA16B /* Icon-Small-50@2x.png in Resources */,
				12F9760EB37C4CC5878D650C /* Icon-Small.png in Resources */,
				F6215ED2453A422399CB4098 /* Icon-Small@2x.png in Resources */,
				D08346CFDA0D48FBB8FCB583 /* icon-40.png in Resources */,
				81C5D64854F34F9992EF4395 /* icon-40@2x.png in Resources */,
				09D9A7A7869245169BB09388 /* icon-60.png in Resources */,
				1D5A14831A294F2A857E9673 /* icon-60@2x.png in Resources */,
				55FCB206B15940899505723D /* icon-72.png in Resources */,
				12DEEF72467C4A609862688A /* icon-72@2x.png in Resources */,
				AC3C97D3660A41129E1D9922 /* icon-76.png in Resources */,
				8571C551E0824015BE30749B /* icon-76@2x.png in Resources */,
				67909D1FA5DC41E791DA6960 /* icon.png in Resources */,
				D1E573A05A944D44864C2AB9 /* icon@2x.png in Resources */,
			);
			runOnlyForDeploymentPostprocessing = 0;
		};
/* End PBXResourcesBuildPhase section */

/* Begin PBXShellScriptBuildPhase section */
		C97FD7AC1ADE5369004DB2A4 /* NativeScript PreBuild */ = {
			isa = PBXShellScriptBuildPhase;
			buildActionMask = 2147483647;
			files = (
			);
			inputPaths = (
			);
			name = "NativeScript PreBuild";
			outputPaths = (
			);
			runOnlyForDeploymentPostprocessing = 0;
			shellPath = /bin/sh;
			shellScript = "\"$SRCROOT/internal/nativescript-pre-build\"";
			showEnvVarsInLog = 0;
		};
		CD3EAD351B05FF060042DBFC /* NativeScript PostBuild */ = {
			isa = PBXShellScriptBuildPhase;
			buildActionMask = 2147483647;
			files = (
			);
			inputPaths = (
			);
			name = "NativeScript PostBuild";
			outputPaths = (
			);
			runOnlyForDeploymentPostprocessing = 0;
			shellPath = /bin/sh;
			shellScript = "\"$SRCROOT/internal/nativescript-post-build\"";
			showEnvVarsInLog = 0;
		};
		CD62955B1BB2651D00AE3A93 /* NativeScript PreLink */ = {
			isa = PBXShellScriptBuildPhase;
			buildActionMask = 2147483647;
			files = (
			);
			inputPaths = (
			);
			name = "NativeScript PreLink";
			outputPaths = (
			);
			runOnlyForDeploymentPostprocessing = 0;
			shellPath = /bin/sh;
			shellScript = "\"$SRCROOT/internal/nativescript-pre-link\"";
			showEnvVarsInLog = 0;
		};
/* End PBXShellScriptBuildPhase section */

/* Begin PBXSourcesBuildPhase section */
		858B83F218CA22B800AB12DE /* Sources */ = {
			isa = PBXSourcesBuildPhase;
			buildActionMask = 2147483647;
			files = (
				CD62955D1BB2678900AE3A93 /* main.m in Sources */,
			);
			runOnlyForDeploymentPostprocessing = 0;
		};
/* End PBXSourcesBuildPhase section */

/* Begin PBXVariantGroup section */
		858B833A18CA111C00AB12DE /* InfoPlist.strings */ = {
			isa = PBXVariantGroup;
			children = (
				858B833B18CA111C00AB12DE /* en */,
			);
			name = InfoPlist.strings;
			sourceTree = "<group>";
		};
		F9B8C6A21ACEDEEB00547416 /* LaunchScreen.xib */ = {
			isa = PBXVariantGroup;
			children = (
				F9B8C6A31ACEDEEB00547416 /* en */,
			);
			name = LaunchScreen.xib;
			sourceTree = "<group>";
		};
/* End PBXVariantGroup section */

/* Begin XCBuildConfiguration section */
		858B835818CA111C00AB12DE /* Debug */ = {
			isa = XCBuildConfiguration;
			buildSettings = {
				ALWAYS_SEARCH_USER_PATHS = NO;
				ARCHS = "$(ARCHS_STANDARD)";
				CLANG_CXX_LANGUAGE_STANDARD = "gnu++0x";
				CLANG_CXX_LIBRARY = "libc++";
				CLANG_ENABLE_MODULES = YES;
				CLANG_ENABLE_OBJC_ARC = YES;
				CLANG_WARN_BOOL_CONVERSION = YES;
				CLANG_WARN_CONSTANT_CONVERSION = YES;
				CLANG_WARN_DIRECT_OBJC_ISA_USAGE = YES_ERROR;
				CLANG_WARN_EMPTY_BODY = YES;
				CLANG_WARN_ENUM_CONVERSION = YES;
				CLANG_WARN_INT_CONVERSION = YES;
				CLANG_WARN_OBJC_ROOT_CLASS = YES_ERROR;
				CLANG_WARN__DUPLICATE_METHOD_MATCH = YES;
				"CODE_SIGN_IDENTITY[sdk=iphoneos*]" = "iPhone Developer";
				COPY_PHASE_STRIP = NO;
				GCC_C_LANGUAGE_STANDARD = gnu99;
				GCC_DYNAMIC_NO_PIC = NO;
				GCC_OPTIMIZATION_LEVEL = 0;
				GCC_SYMBOLS_PRIVATE_EXTERN = NO;
				GCC_WARN_64_TO_32_BIT_CONVERSION = YES;
				GCC_WARN_ABOUT_RETURN_TYPE = YES_ERROR;
				GCC_WARN_UNDECLARED_SELECTOR = YES;
				GCC_WARN_UNINITIALIZED_AUTOS = YES;
				GCC_WARN_UNUSED_FUNCTION = YES;
				GCC_WARN_UNUSED_VARIABLE = YES;
				IPHONEOS_DEPLOYMENT_TARGET = 7.0;
				ONLY_ACTIVE_ARCH = YES;
				SDKROOT = iphoneos;
				TARGETED_DEVICE_FAMILY = "1,2";
				VALID_ARCHS = "armv7 arm64";
			};
			name = Debug;
		};
		858B835918CA111C00AB12DE /* Release */ = {
			isa = XCBuildConfiguration;
			buildSettings = {
				ALWAYS_SEARCH_USER_PATHS = NO;
				ARCHS = "$(ARCHS_STANDARD)";
				CLANG_CXX_LANGUAGE_STANDARD = "gnu++0x";
				CLANG_CXX_LIBRARY = "libc++";
				CLANG_ENABLE_MODULES = YES;
				CLANG_ENABLE_OBJC_ARC = YES;
				CLANG_WARN_BOOL_CONVERSION = YES;
				CLANG_WARN_CONSTANT_CONVERSION = YES;
				CLANG_WARN_DIRECT_OBJC_ISA_USAGE = YES_ERROR;
				CLANG_WARN_EMPTY_BODY = YES;
				CLANG_WARN_ENUM_CONVERSION = YES;
				CLANG_WARN_INT_CONVERSION = YES;
				CLANG_WARN_OBJC_ROOT_CLASS = YES_ERROR;
				CLANG_WARN__DUPLICATE_METHOD_MATCH = YES;
				"CODE_SIGN_IDENTITY[sdk=iphoneos*]" = "iPhone Developer";
				COPY_PHASE_STRIP = YES;
				ENABLE_NS_ASSERTIONS = NO;
				GCC_C_LANGUAGE_STANDARD = gnu99;
				GCC_WARN_64_TO_32_BIT_CONVERSION = YES;
				GCC_WARN_ABOUT_RETURN_TYPE = YES_ERROR;
				GCC_WARN_UNDECLARED_SELECTOR = YES;
				GCC_WARN_UNINITIALIZED_AUTOS = YES;
				GCC_WARN_UNUSED_FUNCTION = YES;
				GCC_WARN_UNUSED_VARIABLE = YES;
				IPHONEOS_DEPLOYMENT_TARGET = 7.0;
				SDKROOT = iphoneos;
				TARGETED_DEVICE_FAMILY = "1,2";
				VALIDATE_PRODUCT = YES;
				VALID_ARCHS = "armv7 arm64";
			};
			name = Release;
		};
		858B843118CA22B800AB12DE /* Debug */ = {
			isa = XCBuildConfiguration;
			baseConfigurationReference = CDD59A261BB43B5D00EC2671 /* build-debug.xcconfig */;
			buildSettings = {
				ARCHS = "$(ARCHS_STANDARD)";
				CLANG_ENABLE_MODULES = NO;
				CLANG_MODULES_AUTOLINK = NO;
				ENABLE_BITCODE = NO;
				GCC_PRECOMPILE_PREFIX_HEADER = YES;
				GCC_PREFIX_HEADER = "CeleryNative/CeleryNative-Prefix.pch";
				GCC_PREPROCESSOR_DEFINITIONS = (
					"$(inherited)",
					"DEBUG=1",
				);
				INFOPLIST_FILE = "$(SRCROOT)/CeleryNative/CeleryNative-Info.plist";
				LD_RUNPATH_SEARCH_PATHS = "$(inherited) @executable_path/Frameworks";
				PRODUCT_NAME = CeleryNative;
				VALID_ARCHS = "armv7 arm64";
				WRAPPER_EXTENSION = app;
			};
			name = Debug;
		};
		858B843218CA22B800AB12DE /* Release */ = {
			isa = XCBuildConfiguration;
			baseConfigurationReference = CDD59A271BB43B5D00EC2671 /* build-release.xcconfig */;
			buildSettings = {
				ARCHS = "$(ARCHS_STANDARD)";
				CLANG_ENABLE_MODULES = NO;
				CLANG_MODULES_AUTOLINK = NO;
				ENABLE_BITCODE = NO;
				GCC_PRECOMPILE_PREFIX_HEADER = YES;
				GCC_PREFIX_HEADER = "CeleryNative/CeleryNative-Prefix.pch";
				INFOPLIST_FILE = "$(SRCROOT)/CeleryNative/CeleryNative-Info.plist";
				LD_RUNPATH_SEARCH_PATHS = "$(inherited) @executable_path/Frameworks";
				PRODUCT_NAME = CeleryNative;
				VALID_ARCHS = "armv7 arm64";
				WRAPPER_EXTENSION = app;
			};
			name = Release;
		};
/* End XCBuildConfiguration section */

/* Begin XCConfigurationList section */
		858B832918CA111C00AB12DE /* Build configuration list for PBXProject "CeleryNative" */ = {
			isa = XCConfigurationList;
			buildConfigurations = (
				858B835818CA111C00AB12DE /* Debug */,
				858B835918CA111C00AB12DE /* Release */,
			);
			defaultConfigurationIsVisible = 0;
			defaultConfigurationName = Release;
		};
		858B843018CA22B800AB12DE /* Build configuration list for PBXNativeTarget "CeleryNative" */ = {
			isa = XCConfigurationList;
			buildConfigurations = (
				858B843118CA22B800AB12DE /* Debug */,
				858B843218CA22B800AB12DE /* Release */,
			);
			defaultConfigurationIsVisible = 0;
			defaultConfigurationName = Release;
		};
/* End XCConfigurationList section */
	};
	rootObject = 858B832618CA111C00AB12DE /* Project object */;
}
